
Microsoft Visual Studio Solution File, Format Version 10.00
# Visual Studio 2008
Project("{FAE04EC0-301F-11D3-BF4B-00C04F79EFBC}") = "Quantum.Tala.Lib", "Quantum.Tala.Lib\Quantum.Tala.Lib.csproj", "{59EA7810-C0BD-492D-9A24-D6B6D564C0F9}"
EndProject
Project("{FAE04EC0-301F-11D3-BF4B-00C04F79EFBC}") = "Quantum.Tala.Service", "Quantum.Tala.Service\Quantum.Tala.Service.csproj", "{AABD5431-60C9-451D-AF35-BC42C82BF63D}"
EndProject
Project("{FAE04EC0-301F-11D3-BF4B-00C04F79EFBC}") = "TalaAPI", "TalaAPI\TalaAPI.csproj", "{60BFBFA3-7265-4961-A25C-7B2AB71D71C0}"
EndProject
Project("{FAE04EC0-301F-11D3-BF4B-00C04F79EFBC}") = "TestBusiness", "TestBusiness\TestBusiness.csproj", "{9FB64EAE-2189-4C3D-8B30-DA0A305F70A8}"
EndProject
Project("{FAE04EC0-301F-11D3-BF4B-00C04F79EFBC}") = "GURUCORE.Framework.DataAccess", "F:\GURUCORE\Technical\Code\Framework\GURUCORE.Framework.DataAccess\GURUCORE.Framework.DataAccess.csproj", "{EF4B736D-FEEA-47A3-843C-B49D0E55372B}"
EndProject
Global
	GlobalSection(SolutionConfigurationPlatforms) = preSolution
		Debug|Any CPU = Debug|Any CPU
		Release|Any CPU = Release|Any CPU
		Run Portal Server As Debug|Any CPU = Run Portal Server As Debug|Any CPU
		Survey_Showroom|Any CPU = Survey_Showroom|Any CPU
		TEST_Program|Any CPU = TEST_Program|Any CPU
	EndGlobalSection
	GlobalSection(ProjectConfigurationPlatforms) = postSolution
		{59EA7810-C0BD-492D-9A24-D6B6D564C0F9}.Debug|Any CPU.ActiveCfg = Debug|Any CPU
		{59EA7810-C0BD-492D-9A24-D6B6D564C0F9}.Debug|Any CPU.Build.0 = Debug|Any CPU
		{59EA7810-C0BD-492D-9A24-D6B6D564C0F9}.Release|Any CPU.ActiveCfg = Release|Any CPU
		{59EA7810-C0BD-492D-9A24-D6B6D564C0F9}.Release|Any CPU.Build.0 = Release|Any CPU
		{59EA7810-C0BD-492D-9A24-D6B6D564C0F9}.Run Portal Server As Debug|Any CPU.ActiveCfg = Debug|Any CPU
		{59EA7810-C0BD-492D-9A24-D6B6D564C0F9}.Run Portal Server As Debug|Any CPU.Build.0 = Debug|Any CPU
		{59EA7810-C0BD-492D-9A24-D6B6D564C0F9}.Survey_Showroom|Any CPU.ActiveCfg = Release|Any CPU
		{59EA7810-C0BD-492D-9A24-D6B6D564C0F9}.Survey_Showroom|Any CPU.Build.0 = Release|Any CPU
		{59EA7810-C0BD-492D-9A24-D6B6D564C0F9}.TEST_Program|Any CPU.ActiveCfg = Release|Any CPU
		{59EA7810-C0BD-492D-9A24-D6B6D564C0F9}.TEST_Program|Any CPU.Build.0 = Release|Any CPU
		{AABD5431-60C9-451D-AF35-BC42C82BF63D}.Debug|Any CPU.ActiveCfg = Debug|Any CPU
		{AABD5431-60C9-451D-AF35-BC42C82BF63D}.Debug|Any CPU.Build.0 = Debug|Any CPU
		{AABD5431-60C9-451D-AF35-BC42C82BF63D}.Release|Any CPU.ActiveCfg = Release|Any CPU
		{AABD5431-60C9-451D-AF35-BC42C82BF63D}.Release|Any CPU.Build.0 = Release|Any CPU
		{AABD5431-60C9-451D-AF35-BC42C82BF63D}.Run Portal Server As Debug|Any CPU.ActiveCfg = Debug|Any CPU
		{AABD5431-60C9-451D-AF35-BC42C82BF63D}.Run Portal Server As Debug|Any CPU.Build.0 = Debug|Any CPU
		{AABD5431-60C9-451D-AF35-BC42C82BF63D}.Survey_Showroom|Any CPU.ActiveCfg = Release|Any CPU
		{AABD5431-60C9-451D-AF35-BC42C82BF63D}.Survey_Showroom|Any CPU.Build.0 = Release|Any CPU
		{AABD5431-60C9-451D-AF35-BC42C82BF63D}.TEST_Program|Any CPU.ActiveCfg = Release|Any CPU
		{AABD5431-60C9-451D-AF35-BC42C82BF63D}.TEST_Program|Any CPU.Build.0 = Release|Any CPU
		{60BFBFA3-7265-4961-A25C-7B2AB71D71C0}.Debug|Any CPU.ActiveCfg = Debug|Any CPU
		{60BFBFA3-7265-4961-A25C-7B2AB71D71C0}.Debug|Any CPU.Build.0 = Debug|Any CPU
		{60BFBFA3-7265-4961-A25C-7B2AB71D71C0}.Release|Any CPU.ActiveCfg = Release|Any CPU
		{60BFBFA3-7265-4961-A25C-7B2AB71D71C0}.Release|Any CPU.Build.0 = Release|Any CPU
		{60BFBFA3-7265-4961-A25C-7B2AB71D71C0}.Run Portal Server As Debug|Any CPU.ActiveCfg = Debug|Any CPU
		{60BFBFA3-7265-4961-A25C-7B2AB71D71C0}.Run Portal Server As Debug|Any CPU.Build.0 = Debug|Any CPU
		{60BFBFA3-7265-4961-A25C-7B2AB71D71C0}.Survey_Showroom|Any CPU.ActiveCfg = Release|Any CPU
		{60BFBFA3-7265-4961-A25C-7B2AB71D71C0}.Survey_Showroom|Any CPU.Build.0 = Release|Any CPU
		{60BFBFA3-7265-4961-A25C-7B2AB71D71C0}.TEST_Program|Any CPU.ActiveCfg = Release|Any CPU
		{60BFBFA3-7265-4961-A25C-7B2AB71D71C0}.TEST_Program|Any CPU.Build.0 = Release|Any CPU
		{9FB64EAE-2189-4C3D-8B30-DA0A305F70A8}.Debug|Any CPU.ActiveCfg = Debug|Any CPU
		{9FB64EAE-2189-4C3D-8B30-DA0A305F70A8}.Debug|Any CPU.Build.0 = Debug|Any CPU
		{9FB64EAE-2189-4C3D-8B30-DA0A305F70A8}.Release|Any CPU.ActiveCfg = Release|Any CPU
		{9FB64EAE-2189-4C3D-8B30-DA0A305F70A8}.Release|Any CPU.Build.0 = Release|Any CPU
		{9FB64EAE-2189-4C3D-8B30-DA0A305F70A8}.Run Portal Server As Debug|Any CPU.ActiveCfg = Debug|Any CPU
		{9FB64EAE-2189-4C3D-8B30-DA0A305F70A8}.Run Portal Server As Debug|Any CPU.Build.0 = Debug|Any CPU
		{9FB64EAE-2189-4C3D-8B30-DA0A305F70A8}.Survey_Showroom|Any CPU.ActiveCfg = Release|Any CPU
		{9FB64EAE-2189-4C3D-8B30-DA0A305F70A8}.Survey_Showroom|Any CPU.Build.0 = Release|Any CPU
		{9FB64EAE-2189-4C3D-8B30-DA0A305F70A8}.TEST_Program|Any CPU.ActiveCfg = Release|Any CPU
		{9FB64EAE-2189-4C3D-8B30-DA0A305F70A8}.TEST_Program|Any CPU.Build.0 = Release|Any CPU
		{EF4B736D-FEEA-47A3-843C-B49D0E55372B}.Debug|Any CPU.ActiveCfg = Debug|Any CPU
		{EF4B736D-FEEA-47A3-843C-B49D0E55372B}.Debug|Any CPU.Build.0 = Debug|Any CPU
		{EF4B736D-FEEA-47A3-843C-B49D0E55372B}.Release|Any CPU.ActiveCfg = Release|Any CPU
		{EF4B736D-FEEA-47A3-843C-B49D0E55372B}.Release|Any CPU.Build.0 = Release|Any CPU
		{EF4B736D-FEEA-47A3-843C-B49D0E55372B}.Run Portal Server As Debug|Any CPU.ActiveCfg = Run Portal Server As Debug|Any CPU
		{EF4B736D-FEEA-47A3-843C-B49D0E55372B}.Run Portal Server As Debug|Any CPU.Build.0 = Run Portal Server As Debug|Any CPU
		{EF4B736D-FEEA-47A3-843C-B49D0E55372B}.Survey_Showroom|Any CPU.ActiveCfg = Survey_Showroom|Any CPU
		{EF4B736D-FEEA-47A3-843C-B49D0E55372B}.Survey_Showroom|Any CPU.Build.0 = Survey_Showroom|Any CPU
		{EF4B736D-FEEA-47A3-843C-B49D0E55372B}.TEST_Program|Any CPU.ActiveCfg = TEST_Program|Any CPU
		{EF4B736D-FEEA-47A3-843C-B49D0E55372B}.TEST_Program|Any CPU.Build.0 = TEST_Program|Any CPU
	EndGlobalSection
	GlobalSection(SolutionProperties) = preSolution
		HideSolutionNode = FALSE
	EndGlobalSection
EndGlobal
